
Microsoft Visual Studio Solution File, Format Version 12.00
# Visual Studio Version 17
VisualStudioVersion = 17.5.33516.290
MinimumVisualStudioVersion = 10.0.40219.1
Project("{FAE04EC0-301F-11D3-BF4B-00C04F79EFBC}") = "Object_Oriented_Inheritance", "Object_Oriented_Inheritance\Object_Oriented_Inheritance.csproj", "{84F60EA6-541A-4852-A1B1-83B3A169D32B}"
EndProject
Global
	GlobalSection(SolutionConfigurationPlatforms) = preSolution
		Debug|Any CPU = Debug|Any CPU
		Release|Any CPU = Release|Any CPU
	EndGlobalSection
	GlobalSection(ProjectConfigurationPlatforms) = postSolution
		{84F60EA6-541A-4852-A1B1-83B3A169D32B}.Debug|Any CPU.ActiveCfg = Debug|Any CPU
		{84F60EA6-541A-4852-A1B1-83B3A169D32B}.Debug|Any CPU.Build.0 = Debug|Any CPU
		{84F60EA6-541A-4852-A1B1-83B3A169D32B}.Release|Any CPU.ActiveCfg = Release|Any CPU
		{84F60EA6-541A-4852-A1B1-83B3A169D32B}.Release|Any CPU.Build.0 = Release|Any CPU
	EndGlobalSection
	GlobalSection(SolutionProperties) = preSolution
		HideSolutionNode = FALSE
	EndGlobalSection
	GlobalSection(ExtensibilityGlobals) = postSolution
		SolutionGuid = {591CDAE6-A71B-4EF2-9234-475B7E4A88AE}
	EndGlobalSection
EndGlobal
