
Microsoft Visual Studio Solution File, Format Version 12.00
# Visual Studio Version 17
VisualStudioVersion = 17.2.32630.192
MinimumVisualStudioVersion = 10.0.40219.1
Project("{FAE04EC0-301F-11D3-BF4B-00C04F79EFBC}") = "trees and graphs", "trees and graphs\trees and graphs.csproj", "{723B11AF-DE0A-4173-B6FE-103FD70BACCD}"
EndProject
Global
	GlobalSection(SolutionConfigurationPlatforms) = preSolution
		Debug|Any CPU = Debug|Any CPU
		Release|Any CPU = Release|Any CPU
	EndGlobalSection
	GlobalSection(ProjectConfigurationPlatforms) = postSolution
		{723B11AF-DE0A-4173-B6FE-103FD70BACCD}.Debug|Any CPU.ActiveCfg = Debug|Any CPU
		{723B11AF-DE0A-4173-B6FE-103FD70BACCD}.Debug|Any CPU.Build.0 = Debug|Any CPU
		{723B11AF-DE0A-4173-B6FE-103FD70BACCD}.Release|Any CPU.ActiveCfg = Release|Any CPU
		{723B11AF-DE0A-4173-B6FE-103FD70BACCD}.Release|Any CPU.Build.0 = Release|Any CPU
	EndGlobalSection
	GlobalSection(SolutionProperties) = preSolution
		HideSolutionNode = FALSE
	EndGlobalSection
	GlobalSection(ExtensibilityGlobals) = postSolution
		SolutionGuid = {42669FF2-A15F-443A-94CF-5BA52DBA7397}
	EndGlobalSection
EndGlobal
