
Microsoft Visual Studio Solution File, Format Version 12.00
# Visual Studio Version 17
VisualStudioVersion = 17.2.32630.192
MinimumVisualStudioVersion = 10.0.40219.1
Project("{FAE04EC0-301F-11D3-BF4B-00C04F79EFBC}") = "text file", "text file\text file.csproj", "{09FFBCB2-DAF4-4D8E-8835-AABF36BDC1E9}"
EndProject
Global
	GlobalSection(SolutionConfigurationPlatforms) = preSolution
		Debug|Any CPU = Debug|Any CPU
		Release|Any CPU = Release|Any CPU
	EndGlobalSection
	GlobalSection(ProjectConfigurationPlatforms) = postSolution
		{09FFBCB2-DAF4-4D8E-8835-AABF36BDC1E9}.Debug|Any CPU.ActiveCfg = Debug|Any CPU
		{09FFBCB2-DAF4-4D8E-8835-AABF36BDC1E9}.Debug|Any CPU.Build.0 = Debug|Any CPU
		{09FFBCB2-DAF4-4D8E-8835-AABF36BDC1E9}.Release|Any CPU.ActiveCfg = Release|Any CPU
		{09FFBCB2-DAF4-4D8E-8835-AABF36BDC1E9}.Release|Any CPU.Build.0 = Release|Any CPU
	EndGlobalSection
	GlobalSection(SolutionProperties) = preSolution
		HideSolutionNode = FALSE
	EndGlobalSection
	GlobalSection(ExtensibilityGlobals) = postSolution
		SolutionGuid = {1B7C1B5F-A510-46C4-8156-6D30DEC0D43E}
	EndGlobalSection
EndGlobal
