
Microsoft Visual Studio Solution File, Format Version 12.00
# Visual Studio Version 17
VisualStudioVersion = 17.5.33516.290
MinimumVisualStudioVersion = 10.0.40219.1
Project("{FAE04EC0-301F-11D3-BF4B-00C04F79EFBC}") = "Hashtable_", "Hashtable_\Hashtable_.csproj", "{72E02A39-09B2-4352-8A63-C19599F5C0BE}"
EndProject
Global
	GlobalSection(SolutionConfigurationPlatforms) = preSolution
		Debug|Any CPU = Debug|Any CPU
		Release|Any CPU = Release|Any CPU
	EndGlobalSection
	GlobalSection(ProjectConfigurationPlatforms) = postSolution
		{72E02A39-09B2-4352-8A63-C19599F5C0BE}.Debug|Any CPU.ActiveCfg = Debug|Any CPU
		{72E02A39-09B2-4352-8A63-C19599F5C0BE}.Debug|Any CPU.Build.0 = Debug|Any CPU
		{72E02A39-09B2-4352-8A63-C19599F5C0BE}.Release|Any CPU.ActiveCfg = Release|Any CPU
		{72E02A39-09B2-4352-8A63-C19599F5C0BE}.Release|Any CPU.Build.0 = Release|Any CPU
	EndGlobalSection
	GlobalSection(SolutionProperties) = preSolution
		HideSolutionNode = FALSE
	EndGlobalSection
	GlobalSection(ExtensibilityGlobals) = postSolution
		SolutionGuid = {3308AC87-9D22-4294-A345-91256F204C2E}
	EndGlobalSection
EndGlobal
